
Microsoft Visual Studio Solution File, Format Version 12.00
# Visual Studio Version 16
VisualStudioVersion = 16.0.30128.74
MinimumVisualStudioVersion = 10.0.40219.1
Project("{9A19103F-16F7-4668-BE54-9A1E7A4F7556}") = "TechDas.DTO", "TechDas.DTO\TechDas.DTO.csproj", "{5FEDCC4D-893A-47E9-AB34-1188010A1015}"
EndProject
Project("{FAE04EC0-301F-11D3-BF4B-00C04F79EFBC}") = "TechDas.WebSocket", "TechDas.WebSocket\TechDas.WebSocket.csproj", "{6F4579AB-A265-4751-9CD0-88FDF3E38B1F}"
EndProject
Global
	GlobalSection(SolutionConfigurationPlatforms) = preSolution
		Debug|Any CPU = Debug|Any CPU
		Release|Any CPU = Release|Any CPU
	EndGlobalSection
	GlobalSection(ProjectConfigurationPlatforms) = postSolution
		{5FEDCC4D-893A-47E9-AB34-1188010A1015}.Debug|Any CPU.ActiveCfg = Debug|Any CPU
		{5FEDCC4D-893A-47E9-AB34-1188010A1015}.Debug|Any CPU.Build.0 = Debug|Any CPU
		{5FEDCC4D-893A-47E9-AB34-1188010A1015}.Release|Any CPU.ActiveCfg = Release|Any CPU
		{5FEDCC4D-893A-47E9-AB34-1188010A1015}.Release|Any CPU.Build.0 = Release|Any CPU
		{6F4579AB-A265-4751-9CD0-88FDF3E38B1F}.Debug|Any CPU.ActiveCfg = Debug|Any CPU
		{6F4579AB-A265-4751-9CD0-88FDF3E38B1F}.Debug|Any CPU.Build.0 = Debug|Any CPU
		{6F4579AB-A265-4751-9CD0-88FDF3E38B1F}.Release|Any CPU.ActiveCfg = Release|Any CPU
		{6F4579AB-A265-4751-9CD0-88FDF3E38B1F}.Release|Any CPU.Build.0 = Release|Any CPU
	EndGlobalSection
	GlobalSection(SolutionProperties) = preSolution
		HideSolutionNode = FALSE
	EndGlobalSection
	GlobalSection(ExtensibilityGlobals) = postSolution
		SolutionGuid = {0960AF5D-DAEA-41E3-AC20-8F40C2FB6F11}
	EndGlobalSection
EndGlobal
